
Microsoft Visual Studio Solution File, Format Version 12.00
# Visual Studio 15
VisualStudioVersion = 15.0.28307.645
MinimumVisualStudioVersion = 10.0.40219.1
Project("{2150E333-8FDC-42A3-9474-1A3956D46DE8}") = "Client", "Client", "{9CE2A559-94BB-458C-A268-35EC50DFD987}"
EndProject
Project("{2150E333-8FDC-42A3-9474-1A3956D46DE8}") = "Server", "Server", "{A4651E32-555D-4C58-A90A-DC57D9B42F19}"
EndProject
Project("{FAE04EC0-301F-11D3-BF4B-00C04F79EFBC}") = "my-app.DAL", "my-app.DAL\my-app.DAL.csproj", "{27EF05BB-F634-452A-84C8-BA46181BE91B}"
EndProject
Project("{FAE04EC0-301F-11D3-BF4B-00C04F79EFBC}") = "my-app.App", "my-app.App\my-app.App.csproj", "{38CDFB82-96FE-4EE5-B5D4-09AF205CF5A3}"
EndProject
Project("{FAE04EC0-301F-11D3-BF4B-00C04F79EFBC}") = "my-app.Host", "my-app.Host\my-app.Host.csproj", "{648384BC-96B6-4EB3-BD8A-7B4F213C1F52}"
EndProject
Project("{FAE04EC0-301F-11D3-BF4B-00C04F79EFBC}") = "WebApplication1", "WebApplication1\WebApplication1.csproj", "{8E24A1A8-DA07-49F7-9B0D-2A8159AC537F}"
EndProject
Project("{FAE04EC0-301F-11D3-BF4B-00C04F79EFBC}") = "app.Client", "app.Client\app.Client.csproj", "{C41952CB-6AEF-481E-9B91-AF8A90E51DCF}"
EndProject
Global
	GlobalSection(SolutionConfigurationPlatforms) = preSolution
		Debug|Any CPU = Debug|Any CPU
		Release|Any CPU = Release|Any CPU
	EndGlobalSection
	GlobalSection(ProjectConfigurationPlatforms) = postSolution
		{27EF05BB-F634-452A-84C8-BA46181BE91B}.Debug|Any CPU.ActiveCfg = Debug|Any CPU
		{27EF05BB-F634-452A-84C8-BA46181BE91B}.Debug|Any CPU.Build.0 = Debug|Any CPU
		{27EF05BB-F634-452A-84C8-BA46181BE91B}.Release|Any CPU.ActiveCfg = Release|Any CPU
		{27EF05BB-F634-452A-84C8-BA46181BE91B}.Release|Any CPU.Build.0 = Release|Any CPU
		{38CDFB82-96FE-4EE5-B5D4-09AF205CF5A3}.Debug|Any CPU.ActiveCfg = Debug|Any CPU
		{38CDFB82-96FE-4EE5-B5D4-09AF205CF5A3}.Debug|Any CPU.Build.0 = Debug|Any CPU
		{38CDFB82-96FE-4EE5-B5D4-09AF205CF5A3}.Release|Any CPU.ActiveCfg = Release|Any CPU
		{38CDFB82-96FE-4EE5-B5D4-09AF205CF5A3}.Release|Any CPU.Build.0 = Release|Any CPU
		{648384BC-96B6-4EB3-BD8A-7B4F213C1F52}.Debug|Any CPU.ActiveCfg = Debug|Any CPU
		{648384BC-96B6-4EB3-BD8A-7B4F213C1F52}.Debug|Any CPU.Build.0 = Debug|Any CPU
		{648384BC-96B6-4EB3-BD8A-7B4F213C1F52}.Release|Any CPU.ActiveCfg = Release|Any CPU
		{648384BC-96B6-4EB3-BD8A-7B4F213C1F52}.Release|Any CPU.Build.0 = Release|Any CPU
		{8E24A1A8-DA07-49F7-9B0D-2A8159AC537F}.Debug|Any CPU.ActiveCfg = Debug|Any CPU
		{8E24A1A8-DA07-49F7-9B0D-2A8159AC537F}.Debug|Any CPU.Build.0 = Debug|Any CPU
		{8E24A1A8-DA07-49F7-9B0D-2A8159AC537F}.Release|Any CPU.ActiveCfg = Release|Any CPU
		{8E24A1A8-DA07-49F7-9B0D-2A8159AC537F}.Release|Any CPU.Build.0 = Release|Any CPU
		{C41952CB-6AEF-481E-9B91-AF8A90E51DCF}.Debug|Any CPU.ActiveCfg = Debug|Any CPU
		{C41952CB-6AEF-481E-9B91-AF8A90E51DCF}.Debug|Any CPU.Build.0 = Debug|Any CPU
		{C41952CB-6AEF-481E-9B91-AF8A90E51DCF}.Release|Any CPU.ActiveCfg = Release|Any CPU
		{C41952CB-6AEF-481E-9B91-AF8A90E51DCF}.Release|Any CPU.Build.0 = Release|Any CPU
	EndGlobalSection
	GlobalSection(SolutionProperties) = preSolution
		HideSolutionNode = FALSE
	EndGlobalSection
	GlobalSection(NestedProjects) = preSolution
		{27EF05BB-F634-452A-84C8-BA46181BE91B} = {A4651E32-555D-4C58-A90A-DC57D9B42F19}
		{38CDFB82-96FE-4EE5-B5D4-09AF205CF5A3} = {A4651E32-555D-4C58-A90A-DC57D9B42F19}
		{648384BC-96B6-4EB3-BD8A-7B4F213C1F52} = {A4651E32-555D-4C58-A90A-DC57D9B42F19}
		{8E24A1A8-DA07-49F7-9B0D-2A8159AC537F} = {A4651E32-555D-4C58-A90A-DC57D9B42F19}
		{C41952CB-6AEF-481E-9B91-AF8A90E51DCF} = {9CE2A559-94BB-458C-A268-35EC50DFD987}
	EndGlobalSection
	GlobalSection(ExtensibilityGlobals) = postSolution
		SolutionGuid = {83F58A65-0D5A-4693-928B-9C0FA8916D1C}
	EndGlobalSection
EndGlobal
